
Microsoft Visual Studio Solution File, Format Version 12.00
# Visual Studio 15
VisualStudioVersion = 15.0.28307.106
MinimumVisualStudioVersion = 10.0.40219.1
Project("{FAE04EC0-301F-11D3-BF4B-00C04F79EFBC}") = "CarRentTool", "CarRentTool\CarRentTool.csproj", "{EB03DF98-A3DF-4731-AED9-05DC72255D92}"
EndProject
Project("{FAE04EC0-301F-11D3-BF4B-00C04F79EFBC}") = "CarRentTool.Tests", "CarRentTool.Tests\CarRentTool.Tests.csproj", "{CE3987ED-56D3-49D6-8C27-157812DA5D1E}"
EndProject
Global
	GlobalSection(SolutionConfigurationPlatforms) = preSolution
		Debug|Any CPU = Debug|Any CPU
		Release|Any CPU = Release|Any CPU
	EndGlobalSection
	GlobalSection(ProjectConfigurationPlatforms) = postSolution
		{EB03DF98-A3DF-4731-AED9-05DC72255D92}.Debug|Any CPU.ActiveCfg = Debug|Any CPU
		{EB03DF98-A3DF-4731-AED9-05DC72255D92}.Debug|Any CPU.Build.0 = Debug|Any CPU
		{EB03DF98-A3DF-4731-AED9-05DC72255D92}.Release|Any CPU.ActiveCfg = Release|Any CPU
		{EB03DF98-A3DF-4731-AED9-05DC72255D92}.Release|Any CPU.Build.0 = Release|Any CPU
		{CE3987ED-56D3-49D6-8C27-157812DA5D1E}.Debug|Any CPU.ActiveCfg = Debug|Any CPU
		{CE3987ED-56D3-49D6-8C27-157812DA5D1E}.Debug|Any CPU.Build.0 = Debug|Any CPU
		{CE3987ED-56D3-49D6-8C27-157812DA5D1E}.Release|Any CPU.ActiveCfg = Release|Any CPU
		{CE3987ED-56D3-49D6-8C27-157812DA5D1E}.Release|Any CPU.Build.0 = Release|Any CPU
	EndGlobalSection
	GlobalSection(SolutionProperties) = preSolution
		HideSolutionNode = FALSE
	EndGlobalSection
	GlobalSection(ExtensibilityGlobals) = postSolution
		SolutionGuid = {57168F9F-85C5-4168-9008-82DA5957C10B}
	EndGlobalSection
EndGlobal
